
Microsoft Visual Studio Solution File, Format Version 12.00
# Visual Studio 15
VisualStudioVersion = 15.0.28307.329
MinimumVisualStudioVersion = 10.0.40219.1
Project("{FAE04EC0-301F-11D3-BF4B-00C04F79EFBC}") = "WeCare", "WeCare\WeCare.csproj", "{421117B9-70AD-4C4C-806E-432218A11A86}"
EndProject
Global
	GlobalSection(SolutionConfigurationPlatforms) = preSolution
		Debug|Any CPU = Debug|Any CPU
		Release|Any CPU = Release|Any CPU
	EndGlobalSection
	GlobalSection(ProjectConfigurationPlatforms) = postSolution
		{421117B9-70AD-4C4C-806E-432218A11A86}.Debug|Any CPU.ActiveCfg = Debug|Any CPU
		{421117B9-70AD-4C4C-806E-432218A11A86}.Debug|Any CPU.Build.0 = Debug|Any CPU
		{421117B9-70AD-4C4C-806E-432218A11A86}.Release|Any CPU.ActiveCfg = Release|Any CPU
		{421117B9-70AD-4C4C-806E-432218A11A86}.Release|Any CPU.Build.0 = Release|Any CPU
	EndGlobalSection
	GlobalSection(SolutionProperties) = preSolution
		HideSolutionNode = FALSE
	EndGlobalSection
	GlobalSection(ExtensibilityGlobals) = postSolution
		SolutionGuid = {CABAC28D-DB74-477D-909F-E3A60F94EAB8}
	EndGlobalSection
EndGlobal
